
Microsoft Visual Studio Solution File, Format Version 12.00
Project("{2150E333-8FDC-42A3-9474-1A3956D46DE8}") = "Console Configuration", "Console Configuration", "{BDB2CC5F-FAEB-4DFE-A5E7-AFD10E5EE5E0}"
EndProject
Project("{FAE04EC0-301F-11D3-BF4B-00C04F79EFBC}") = "ConsoleConfig", "ConsoleConfig\ConsoleConfig.csproj", "{4FB2F40F-E3CD-483E-B865-AED39B34F225}"
EndProject
Global
	GlobalSection(SolutionConfigurationPlatforms) = preSolution
		Debug|Any CPU = Debug|Any CPU
		Release|Any CPU = Release|Any CPU
	EndGlobalSection
	GlobalSection(NestedProjects) = preSolution
		{4FB2F40F-E3CD-483E-B865-AED39B34F225} = {BDB2CC5F-FAEB-4DFE-A5E7-AFD10E5EE5E0}
	EndGlobalSection
	GlobalSection(ProjectConfigurationPlatforms) = postSolution
		{4FB2F40F-E3CD-483E-B865-AED39B34F225}.Debug|Any CPU.ActiveCfg = Debug|Any CPU
		{4FB2F40F-E3CD-483E-B865-AED39B34F225}.Debug|Any CPU.Build.0 = Debug|Any CPU
		{4FB2F40F-E3CD-483E-B865-AED39B34F225}.Release|Any CPU.ActiveCfg = Release|Any CPU
		{4FB2F40F-E3CD-483E-B865-AED39B34F225}.Release|Any CPU.Build.0 = Release|Any CPU
	EndGlobalSection
EndGlobal
